// !$*UTF8*$!
{
	archiveVersion = 1;
	classes = {
	};
	objectVersion = 46;
	objects = {

/* Begin PBXBuildFile section */
		734E467A1F2AB9520016391A /* AppDelegate.swift in Sources */ = {isa = PBXBuildFile; fileRef = 734E46791F2AB9520016391A /* AppDelegate.swift */; };
		734E467C1F2AB9520016391A /* SearchViewController.swift in Sources */ = {isa = PBXBuildFile; fileRef = 734E467B1F2AB9520016391A /* SearchViewController.swift */; };
		734E467E1F2AB9520016391A /* MapViewController.swift in Sources */ = {isa = PBXBuildFile; fileRef = 734E467D1F2AB9520016391A /* MapViewController.swift */; };
		734E46831F2AB9520016391A /* Assets.xcassets in Resources */ = {isa = PBXBuildFile; fileRef = 734E46821F2AB9520016391A /* Assets.xcassets */; };
		734E46861F2AB9520016391A /* LaunchScreen.storyboard in Resources */ = {isa = PBXBuildFile; fileRef = 734E46841F2AB9520016391A /* LaunchScreen.storyboard */; };
		734E46911F2AB9520016391A /* FoodlyTests.swift in Sources */ = {isa = PBXBuildFile; fileRef = 734E46901F2AB9520016391A /* FoodlyTests.swift */; };
		734E469C1F2AB9520016391A /* FoodlyUITests.swift in Sources */ = {isa = PBXBuildFile; fileRef = 734E469B1F2AB9520016391A /* FoodlyUITests.swift */; };
		734E46AA1F2ABD040016391A /* ListViewController.swift in Sources */ = {isa = PBXBuildFile; fileRef = 734E46A91F2ABD040016391A /* ListViewController.swift */; };
		734E46AC1F2ABE140016391A /* Constants.swift in Sources */ = {isa = PBXBuildFile; fileRef = 734E46AB1F2ABE140016391A /* Constants.swift */; };
		B1F76DC507BD5B93084C3B4A /* Pods_Foodly.framework in Frameworks */ = {isa = PBXBuildFile; fileRef = 4C533A12E7048F015BFD4AC9 /* Pods_Foodly.framework */; };
/* End PBXBuildFile section */

/* Begin PBXContainerItemProxy section */
		734E468D1F2AB9520016391A /* PBXContainerItemProxy */ = {
			isa = PBXContainerItemProxy;
			containerPortal = 734E466E1F2AB9510016391A /* Project object */;
			proxyType = 1;
			remoteGlobalIDString = 734E46751F2AB9520016391A;
			remoteInfo = Foodly;
		};
		734E46981F2AB9520016391A /* PBXContainerItemProxy */ = {
			isa = PBXContainerItemProxy;
			containerPortal = 734E466E1F2AB9510016391A /* Project object */;
			proxyType = 1;
			remoteGlobalIDString = 734E46751F2AB9520016391A;
			remoteInfo = Foodly;
		};
/* End PBXContainerItemProxy section */

/* Begin PBXFileReference section */
		4C533A12E7048F015BFD4AC9 /* Pods_Foodly.framework */ = {isa = PBXFileReference; explicitFileType = wrapper.framework; includeInIndex = 0; path = Pods_Foodly.framework; sourceTree = BUILT_PRODUCTS_DIR; };
		734E46761F2AB9520016391A /* Foodly.app */ = {isa = PBXFileReference; explicitFileType = wrapper.application; includeInIndex = 0; path = Foodly.app; sourceTree = BUILT_PRODUCTS_DIR; };
		734E46791F2AB9520016391A /* AppDelegate.swift */ = {isa = PBXFileReference; lastKnownFileType = sourcecode.swift; path = AppDelegate.swift; sourceTree = "<group>"; };
		734E467B1F2AB9520016391A /* SearchViewController.swift */ = {isa = PBXFileReference; lastKnownFileType = sourcecode.swift; path = SearchViewController.swift; sourceTree = "<group>"; };
		734E467D1F2AB9520016391A /* MapViewController.swift */ = {isa = PBXFileReference; lastKnownFileType = sourcecode.swift; path = MapViewController.swift; sourceTree = "<group>"; };
		734E46821F2AB9520016391A /* Assets.xcassets */ = {isa = PBXFileReference; lastKnownFileType = folder.assetcatalog; path = Assets.xcassets; sourceTree = "<group>"; };
		734E46851F2AB9520016391A /* Base */ = {isa = PBXFileReference; lastKnownFileType = file.storyboard; name = Base; path = Base.lproj/LaunchScreen.storyboard; sourceTree = "<group>"; };
		734E46871F2AB9520016391A /* Info.plist */ = {isa = PBXFileReference; lastKnownFileType = text.plist.xml; path = Info.plist; sourceTree = "<group>"; };
		734E468C1F2AB9520016391A /* FoodlyTests.xctest */ = {isa = PBXFileReference; explicitFileType = wrapper.cfbundle; includeInIndex = 0; path = FoodlyTests.xctest; sourceTree = BUILT_PRODUCTS_DIR; };
		734E46901F2AB9520016391A /* FoodlyTests.swift */ = {isa = PBXFileReference; lastKnownFileType = sourcecode.swift; path = FoodlyTests.swift; sourceTree = "<group>"; };
		734E46921F2AB9520016391A /* Info.plist */ = {isa = PBXFileReference; lastKnownFileType = text.plist.xml; path = Info.plist; sourceTree = "<group>"; };
		734E46971F2AB9520016391A /* FoodlyUITests.xctest */ = {isa = PBXFileReference; explicitFileType = wrapper.cfbundle; includeInIndex = 0; path = FoodlyUITests.xctest; sourceTree = BUILT_PRODUCTS_DIR; };
		734E469B1F2AB9520016391A /* FoodlyUITests.swift */ = {isa = PBXFileReference; lastKnownFileType = sourcecode.swift; path = FoodlyUITests.swift; sourceTree = "<group>"; };
		734E469D1F2AB9520016391A /* Info.plist */ = {isa = PBXFileReference; lastKnownFileType = text.plist.xml; path = Info.plist; sourceTree = "<group>"; };
		734E46A91F2ABD040016391A /* ListViewController.swift */ = {isa = PBXFileReference; fileEncoding = 4; lastKnownFileType = sourcecode.swift; path = ListViewController.swift; sourceTree = "<group>"; };
		734E46AB1F2ABE140016391A /* Constants.swift */ = {isa = PBXFileReference; fileEncoding = 4; lastKnownFileType = sourcecode.swift; path = Constants.swift; sourceTree = "<group>"; };
		79EF5EB2D9D696DB86B5117B /* Pods-Foodly.release.xcconfig */ = {isa = PBXFileReference; includeInIndex = 1; lastKnownFileType = text.xcconfig; name = "Pods-Foodly.release.xcconfig"; path = "Pods/Target Support Files/Pods-Foodly/Pods-Foodly.release.xcconfig"; sourceTree = "<group>"; };
		BB1CAD7AE48C44C8AC7E8146 /* Pods-Foodly.debug.xcconfig */ = {isa = PBXFileReference; includeInIndex = 1; lastKnownFileType = text.xcconfig; name = "Pods-Foodly.debug.xcconfig"; path = "Pods/Target Support Files/Pods-Foodly/Pods-Foodly.debug.xcconfig"; sourceTree = "<group>"; };
/* End PBXFileReference section */

/* Begin PBXFrameworksBuildPhase section */
		734E46731F2AB9520016391A /* Frameworks */ = {
			isa = PBXFrameworksBuildPhase;
			buildActionMask = 2147483647;
			files = (
				B1F76DC507BD5B93084C3B4A /* Pods_Foodly.framework in Frameworks */,
			);
			runOnlyForDeploymentPostprocessing = 0;
		};
		734E46891F2AB9520016391A /* Frameworks */ = {
			isa = PBXFrameworksBuildPhase;
			buildActionMask = 2147483647;
			files = (
			);
			runOnlyForDeploymentPostprocessing = 0;
		};
		734E46941F2AB9520016391A /* Frameworks */ = {
			isa = PBXFrameworksBuildPhase;
			buildActionMask = 2147483647;
			files = (
			);
			runOnlyForDeploymentPostprocessing = 0;
		};
/* End PBXFrameworksBuildPhase section */

/* Begin PBXGroup section */
		7300C8A86D7515CEDBB86039 /* Pods */ = {
			isa = PBXGroup;
			children = (
				BB1CAD7AE48C44C8AC7E8146 /* Pods-Foodly.debug.xcconfig */,
				79EF5EB2D9D696DB86B5117B /* Pods-Foodly.release.xcconfig */,
			);
			name = Pods;
			sourceTree = "<group>";
		};
		734E466D1F2AB9510016391A = {
			isa = PBXGroup;
			children = (
				734E46781F2AB9520016391A /* Foodly */,
				734E468F1F2AB9520016391A /* FoodlyTests */,
				734E469A1F2AB9520016391A /* FoodlyUITests */,
				734E46771F2AB9520016391A /* Products */,
				7300C8A86D7515CEDBB86039 /* Pods */,
				7E149C1E4C4CBA9E5AFA1C8D /* Frameworks */,
			);
			sourceTree = "<group>";
		};
		734E46771F2AB9520016391A /* Products */ = {
			isa = PBXGroup;
			children = (
				734E46761F2AB9520016391A /* Foodly.app */,
				734E468C1F2AB9520016391A /* FoodlyTests.xctest */,
				734E46971F2AB9520016391A /* FoodlyUITests.xctest */,
			);
			name = Products;
			sourceTree = "<group>";
		};
		734E46781F2AB9520016391A /* Foodly */ = {
			isa = PBXGroup;
			children = (
				734E46791F2AB9520016391A /* AppDelegate.swift */,
				734E467B1F2AB9520016391A /* SearchViewController.swift */,
				734E467D1F2AB9520016391A /* MapViewController.swift */,
				734E46A91F2ABD040016391A /* ListViewController.swift */,
				734E46821F2AB9520016391A /* Assets.xcassets */,
				734E46841F2AB9520016391A /* LaunchScreen.storyboard */,
				734E46871F2AB9520016391A /* Info.plist */,
				734E46AB1F2ABE140016391A /* Constants.swift */,
			);
			path = Foodly;
			sourceTree = "<group>";
		};
		734E468F1F2AB9520016391A /* FoodlyTests */ = {
			isa = PBXGroup;
			children = (
				734E46901F2AB9520016391A /* FoodlyTests.swift */,
				734E46921F2AB9520016391A /* Info.plist */,
			);
			path = FoodlyTests;
			sourceTree = "<group>";
		};
		734E469A1F2AB9520016391A /* FoodlyUITests */ = {
			isa = PBXGroup;
			children = (
				734E469B1F2AB9520016391A /* FoodlyUITests.swift */,
				734E469D1F2AB9520016391A /* Info.plist */,
			);
			path = FoodlyUITests;
			sourceTree = "<group>";
		};
		7E149C1E4C4CBA9E5AFA1C8D /* Frameworks */ = {
			isa = PBXGroup;
			children = (
				4C533A12E7048F015BFD4AC9 /* Pods_Foodly.framework */,
			);
			name = Frameworks;
			sourceTree = "<group>";
		};
/* End PBXGroup section */

/* Begin PBXNativeTarget section */
		734E46751F2AB9520016391A /* Foodly */ = {
			isa = PBXNativeTarget;
			buildConfigurationList = 734E46A01F2AB9520016391A /* Build configuration list for PBXNativeTarget "Foodly" */;
			buildPhases = (
				320942F6ED9A033EB0E3640E /* [CP] Check Pods Manifest.lock */,
				734E46721F2AB9520016391A /* Sources */,
				734E46731F2AB9520016391A /* Frameworks */,
				734E46741F2AB9520016391A /* Resources */,
				87338054499EB98D255D0CD2 /* [CP] Embed Pods Frameworks */,
				379D50A43E473742AB6BB904 /* [CP] Copy Pods Resources */,
			);
			buildRules = (
			);
			dependencies = (
			);
			name = Foodly;
			productName = Foodly;
			productReference = 734E46761F2AB9520016391A /* Foodly.app */;
			productType = "com.apple.product-type.application";
		};
		734E468B1F2AB9520016391A /* FoodlyTests */ = {
			isa = PBXNativeTarget;
			buildConfigurationList = 734E46A31F2AB9520016391A /* Build configuration list for PBXNativeTarget "FoodlyTests" */;
			buildPhases = (
				734E46881F2AB9520016391A /* Sources */,
				734E46891F2AB9520016391A /* Frameworks */,
				734E468A1F2AB9520016391A /* Resources */,
			);
			buildRules = (
			);
			dependencies = (
				734E468E1F2AB9520016391A /* PBXTargetDependency */,
			);
			name = FoodlyTests;
			productName = FoodlyTests;
			productReference = 734E468C1F2AB9520016391A /* FoodlyTests.xctest */;
			productType = "com.apple.product-type.bundle.unit-test";
		};
		734E46961F2AB9520016391A /* FoodlyUITests */ = {
			isa = PBXNativeTarget;
			buildConfigurationList = 734E46A61F2AB9520016391A /* Build configuration list for PBXNativeTarget "FoodlyUITests" */;
			buildPhases = (
				734E46931F2AB9520016391A /* Sources */,
				734E46941F2AB9520016391A /* Frameworks */,
				734E46951F2AB9520016391A /* Resources */,
			);
			buildRules = (
			);
			dependencies = (
				734E46991F2AB9520016391A /* PBXTargetDependency */,
			);
			name = FoodlyUITests;
			productName = FoodlyUITests;
			productReference = 734E46971F2AB9520016391A /* FoodlyUITests.xctest */;
			productType = "com.apple.product-type.bundle.ui-testing";
		};
/* End PBXNativeTarget section */

/* Begin PBXProject section */
		734E466E1F2AB9510016391A /* Project object */ = {
			isa = PBXProject;
			attributes = {
				LastSwiftUpdateCheck = 0830;
				LastUpgradeCheck = 0830;
				ORGANIZATIONNAME = Cazares;
				TargetAttributes = {
					734E46751F2AB9520016391A = {
						CreatedOnToolsVersion = 8.3.2;
						DevelopmentTeam = 7QRW68DD5X;
						ProvisioningStyle = Automatic;
					};
					734E468B1F2AB9520016391A = {
						CreatedOnToolsVersion = 8.3.2;
						ProvisioningStyle = Automatic;
						TestTargetID = 734E46751F2AB9520016391A;
					};
					734E46961F2AB9520016391A = {
						CreatedOnToolsVersion = 8.3.2;
						ProvisioningStyle = Automatic;
						TestTargetID = 734E46751F2AB9520016391A;
					};
				};
			};
			buildConfigurationList = 734E46711F2AB9510016391A /* Build configuration list for PBXProject "Foodly" */;
			compatibilityVersion = "Xcode 3.2";
			developmentRegion = English;
			hasScannedForEncodings = 0;
			knownRegions = (
				en,
				Base,
			);
			mainGroup = 734E466D1F2AB9510016391A;
			productRefGroup = 734E46771F2AB9520016391A /* Products */;
			projectDirPath = "";
			projectRoot = "";
			targets = (
				734E46751F2AB9520016391A /* Foodly */,
				734E468B1F2AB9520016391A /* FoodlyTests */,
				734E46961F2AB9520016391A /* FoodlyUITests */,
			);
		};
/* End PBXProject section */

/* Begin PBXResourcesBuildPhase section */
		734E46741F2AB9520016391A /* Resources */ = {
			isa = PBXResourcesBuildPhase;
			buildActionMask = 2147483647;
			files = (
				734E46861F2AB9520016391A /* LaunchScreen.storyboard in Resources */,
				734E46831F2AB9520016391A /* Assets.xcassets in Resources */,
			);
			runOnlyForDeploymentPostprocessing = 0;
		};
		734E468A1F2AB9520016391A /* Resources */ = {
			isa = PBXResourcesBuildPhase;
			buildActionMask = 2147483647;
			files = (
			);
			runOnlyForDeploymentPostprocessing = 0;
		};
		734E46951F2AB9520016391A /* Resources */ = {
			isa = PBXResourcesBuildPhase;
			buildActionMask = 2147483647;
			files = (
			);
			runOnlyForDeploymentPostprocessing = 0;
		};
/* End PBXResourcesBuildPhase section */

/* Begin PBXShellScriptBuildPhase section */
		320942F6ED9A033EB0E3640E /* [CP] Check Pods Manifest.lock */ = {
			isa = PBXShellScriptBuildPhase;
			buildActionMask = 2147483647;
			files = (
			);
			inputPaths = (
			);
			name = "[CP] Check Pods Manifest.lock";
			outputPaths = (
			);
			runOnlyForDeploymentPostprocessing = 0;
			shellPath = /bin/sh;
			shellScript = "diff \"${PODS_ROOT}/../Podfile.lock\" \"${PODS_ROOT}/Manifest.lock\" > /dev/null\nif [ $? != 0 ] ; then\n    # print error to STDERR\n    echo \"error: The sandbox is not in sync with the Podfile.lock. Run 'pod install' or update your CocoaPods installation.\" >&2\n    exit 1\nfi\n";
			showEnvVarsInLog = 0;
		};
		379D50A43E473742AB6BB904 /* [CP] Copy Pods Resources */ = {
			isa = PBXShellScriptBuildPhase;
			buildActionMask = 2147483647;
			files = (
			);
			inputPaths = (
			);
			name = "[CP] Copy Pods Resources";
			outputPaths = (
			);
			runOnlyForDeploymentPostprocessing = 0;
			shellPath = /bin/sh;
			shellScript = "\"${SRCROOT}/Pods/Target Support Files/Pods-Foodly/Pods-Foodly-resources.sh\"\n";
			showEnvVarsInLog = 0;
		};
		87338054499EB98D255D0CD2 /* [CP] Embed Pods Frameworks */ = {
			isa = PBXShellScriptBuildPhase;
			buildActionMask = 2147483647;
			files = (
			);
			inputPaths = (
			);
			name = "[CP] Embed Pods Frameworks";
			outputPaths = (
			);
			runOnlyForDeploymentPostprocessing = 0;
			shellPath = /bin/sh;
			shellScript = "\"${SRCROOT}/Pods/Target Support Files/Pods-Foodly/Pods-Foodly-frameworks.sh\"\n";
			showEnvVarsInLog = 0;
		};
/* End PBXShellScriptBuildPhase section */

/* Begin PBXSourcesBuildPhase section */
		734E46721F2AB9520016391A /* Sources */ = {
			isa = PBXSourcesBuildPhase;
			buildActionMask = 2147483647;
			files = (
				734E46AC1F2ABE140016391A /* Constants.swift in Sources */,
				734E467E1F2AB9520016391A /* MapViewController.swift in Sources */,
				734E467A1F2AB9520016391A /* AppDelegate.swift in Sources */,
				734E46AA1F2ABD040016391A /* ListViewController.swift in Sources */,
				734E467C1F2AB9520016391A /* SearchViewController.swift in Sources */,
			);
			runOnlyForDeploymentPostprocessing = 0;
		};
		734E46881F2AB9520016391A /* Sources */ = {
			isa = PBXSourcesBuildPhase;
			buildActionMask = 2147483647;
			files = (
				734E46911F2AB9520016391A /* FoodlyTests.swift in Sources */,
			);
			runOnlyForDeploymentPostprocessing = 0;
		};
		734E46931F2AB9520016391A /* Sources */ = {
			isa = PBXSourcesBuildPhase;
			buildActionMask = 2147483647;
			files = (
				734E469C1F2AB9520016391A /* FoodlyUITests.swift in Sources */,
			);
			runOnlyForDeploymentPostprocessing = 0;
		};
/* End PBXSourcesBuildPhase section */

/* Begin PBXTargetDependency section */
		734E468E1F2AB9520016391A /* PBXTargetDependency */ = {
			isa = PBXTargetDependency;
			target = 734E46751F2AB9520016391A /* Foodly */;
			targetProxy = 734E468D1F2AB9520016391A /* PBXContainerItemProxy */;
		};
		734E46991F2AB9520016391A /* PBXTargetDependency */ = {
			isa = PBXTargetDependency;
			target = 734E46751F2AB9520016391A /* Foodly */;
			targetProxy = 734E46981F2AB9520016391A /* PBXContainerItemProxy */;
		};
/* End PBXTargetDependency section */

/* Begin PBXVariantGroup section */
		734E46841F2AB9520016391A /* LaunchScreen.storyboard */ = {
			isa = PBXVariantGroup;
			children = (
				734E46851F2AB9520016391A /* Base */,
			);
			name = LaunchScreen.storyboard;
			sourceTree = "<group>";
		};
/* End PBXVariantGroup section */

/* Begin XCBuildConfiguration section */
		734E469E1F2AB9520016391A /* Debug */ = {
			isa = XCBuildConfiguration;
			buildSettings = {
				ALWAYS_SEARCH_USER_PATHS = NO;
				CLANG_ANALYZER_NONNULL = YES;
				CLANG_ANALYZER_NUMBER_OBJECT_CONVERSION = YES_AGGRESSIVE;
				CLANG_CXX_LANGUAGE_STANDARD = "gnu++0x";
				CLANG_CXX_LIBRARY = "libc++";
				CLANG_ENABLE_MODULES = YES;
				CLANG_ENABLE_OBJC_ARC = YES;
				CLANG_WARN_BOOL_CONVERSION = YES;
				CLANG_WARN_CONSTANT_CONVERSION = YES;
				CLANG_WARN_DIRECT_OBJC_ISA_USAGE = YES_ERROR;
				CLANG_WARN_DOCUMENTATION_COMMENTS = YES;
				CLANG_WARN_EMPTY_BODY = YES;
				CLANG_WARN_ENUM_CONVERSION = YES;
				CLANG_WARN_INFINITE_RECURSION = YES;
				CLANG_WARN_INT_CONVERSION = YES;
				CLANG_WARN_OBJC_ROOT_CLASS = YES_ERROR;
				CLANG_WARN_SUSPICIOUS_MOVE = YES;
				CLANG_WARN_UNREACHABLE_CODE = YES;
				CLANG_WARN__DUPLICATE_METHOD_MATCH = YES;
				"CODE_SIGN_IDENTITY[sdk=iphoneos*]" = "iPhone Developer";
				COPY_PHASE_STRIP = NO;
				DEBUG_INFORMATION_FORMAT = dwarf;
				ENABLE_STRICT_OBJC_MSGSEND = YES;
				ENABLE_TESTABILITY = YES;
				GCC_C_LANGUAGE_STANDARD = gnu99;
				GCC_DYNAMIC_NO_PIC = NO;
				GCC_NO_COMMON_BLOCKS = YES;
				GCC_OPTIMIZATION_LEVEL = 0;
				GCC_PREPROCESSOR_DEFINITIONS = (
					"DEBUG=1",
					"$(inherited)",
				);
				GCC_WARN_64_TO_32_BIT_CONVERSION = YES;
				GCC_WARN_ABOUT_RETURN_TYPE = YES_ERROR;
				GCC_WARN_UNDECLARED_SELECTOR = YES;
				GCC_WARN_UNINITIALIZED_AUTOS = YES_AGGRESSIVE;
				GCC_WARN_UNUSED_FUNCTION = YES;
				GCC_WARN_UNUSED_VARIABLE = YES;
				IPHONEOS_DEPLOYMENT_TARGET = 10.3;
				MTL_ENABLE_DEBUG_INFO = YES;
				ONLY_ACTIVE_ARCH = YES;
				SDKROOT = iphoneos;
				SWIFT_ACTIVE_COMPILATION_CONDITIONS = DEBUG;
				SWIFT_OPTIMIZATION_LEVEL = "-Onone";
				TARGETED_DEVICE_FAMILY = "1,2";
			};
			name = Debug;
		};
		734E469F1F2AB9520016391A /* Release */ = {
			isa = XCBuildConfiguration;
			buildSettings = {
				ALWAYS_SEARCH_USER_PATHS = NO;
				CLANG_ANALYZER_NONNULL = YES;
				CLANG_ANALYZER_NUMBER_OBJECT_CONVERSION = YES_AGGRESSIVE;
				CLANG_CXX_LANGUAGE_STANDARD = "gnu++0x";
				CLANG_CXX_LIBRARY = "libc++";
				CLANG_ENABLE_MODULES = YES;
				CLANG_ENABLE_OBJC_ARC = YES;
				CLANG_WARN_BOOL_CONVERSION = YES;
				CLANG_WARN_CONSTANT_CONVERSION = YES;
				CLANG_WARN_DIRECT_OBJC_ISA_USAGE = YES_ERROR;
				CLANG_WARN_DOCUMENTATION_COMMENTS = YES;
				CLANG_WARN_EMPTY_BODY = YES;
				CLANG_WARN_ENUM_CONVERSION = YES;
				CLANG_WARN_INFINITE_RECURSION = YES;
				CLANG_WARN_INT_CONVERSION = YES;
				CLANG_WARN_OBJC_ROOT_CLASS = YES_ERROR;
				CLANG_WARN_SUSPICIOUS_MOVE = YES;
				CLANG_WARN_UNREACHABLE_CODE = YES;
				CLANG_WARN__DUPLICATE_METHOD_MATCH = YES;
				"CODE_SIGN_IDENTITY[sdk=iphoneos*]" = "iPhone Developer";
				COPY_PHASE_STRIP = NO;
				DEBUG_INFORMATION_FORMAT = "dwarf-with-dsym";
				ENABLE_NS_ASSERTIONS = NO;
				ENABLE_STRICT_OBJC_MSGSEND = YES;
				GCC_C_LANGUAGE_STANDARD = gnu99;
				GCC_NO_COMMON_BLOCKS = YES;
				GCC_WARN_64_TO_32_BIT_CONVERSION = YES;
				GCC_WARN_ABOUT_RETURN_TYPE = YES_ERROR;
				GCC_WARN_UNDECLARED_SELECTOR = YES;
				GCC_WARN_UNINITIALIZED_AUTOS = YES_AGGRESSIVE;
				GCC_WARN_UNUSED_FUNCTION = YES;
				GCC_WARN_UNUSED_VARIABLE = YES;
				IPHONEOS_DEPLOYMENT_TARGET = 10.3;
				MTL_ENABLE_DEBUG_INFO = NO;
				SDKROOT = iphoneos;
				SWIFT_OPTIMIZATION_LEVEL = "-Owholemodule";
				TARGETED_DEVICE_FAMILY = "1,2";
				VALIDATE_PRODUCT = YES;
			};
			name = Release;
		};
		734E46A11F2AB9520016391A /* Debug */ = {
			isa = XCBuildConfiguration;
			baseConfigurationReference = BB1CAD7AE48C44C8AC7E8146 /* Pods-Foodly.debug.xcconfig */;
			buildSettings = {
				ASSETCATALOG_COMPILER_APPICON_NAME = AppIcon;
				DEVELOPMENT_TEAM = 7QRW68DD5X;
				INFOPLIST_FILE = Foodly/Info.plist;
				LD_RUNPATH_SEARCH_PATHS = "$(inherited) @executable_path/Frameworks";
				PRODUCT_BUNDLE_IDENTIFIER = com.cazares.Foodly;
				PRODUCT_NAME = "$(TARGET_NAME)";
				SWIFT_VERSION = 3.0;
			};
			name = Debug;
		};
		734E46A21F2AB9520016391A /* Release */ = {
			isa = XCBuildConfiguration;
			baseConfigurationReference = 79EF5EB2D9D696DB86B5117B /* Pods-Foodly.release.xcconfig */;
			buildSettings = {
				ASSETCATALOG_COMPILER_APPICON_NAME = AppIcon;
				DEVELOPMENT_TEAM = 7QRW68DD5X;
				INFOPLIST_FILE = Foodly/Info.plist;
				LD_RUNPATH_SEARCH_PATHS = "$(inherited) @executable_path/Frameworks";
				PRODUCT_BUNDLE_IDENTIFIER = com.cazares.Foodly;
				PRODUCT_NAME = "$(TARGET_NAME)";
				SWIFT_VERSION = 3.0;
			};
			name = Release;
		};
		734E46A41F2AB9520016391A /* Debug */ = {
			isa = XCBuildConfiguration;
			buildSettings = {
				ALWAYS_EMBED_SWIFT_STANDARD_LIBRARIES = YES;
				BUNDLE_LOADER = "$(TEST_HOST)";
				INFOPLIST_FILE = FoodlyTests/Info.plist;
				LD_RUNPATH_SEARCH_PATHS = "$(inherited) @executable_path/Frameworks @loader_path/Frameworks";
				PRODUCT_BUNDLE_IDENTIFIER = com.cazares.FoodlyTests;
				PRODUCT_NAME = "$(TARGET_NAME)";
				SWIFT_VERSION = 3.0;
				TEST_HOST = "$(BUILT_PRODUCTS_DIR)/Foodly.app/Foodly";
			};
			name = Debug;
		};
		734E46A51F2AB9520016391A /* Release */ = {
			isa = XCBuildConfiguration;
			buildSettings = {
				ALWAYS_EMBED_SWIFT_STANDARD_LIBRARIES = YES;
				BUNDLE_LOADER = "$(TEST_HOST)";
				INFOPLIST_FILE = FoodlyTests/Info.plist;
				LD_RUNPATH_SEARCH_PATHS = "$(inherited) @executable_path/Frameworks @loader_path/Frameworks";
				PRODUCT_BUNDLE_IDENTIFIER = com.cazares.FoodlyTests;
				PRODUCT_NAME = "$(TARGET_NAME)";
				SWIFT_VERSION = 3.0;
				TEST_HOST = "$(BUILT_PRODUCTS_DIR)/Foodly.app/Foodly";
			};
			name = Release;
		};
		734E46A71F2AB9520016391A /* Debug */ = {
			isa = XCBuildConfiguration;
			buildSettings = {
				ALWAYS_EMBED_SWIFT_STANDARD_LIBRARIES = YES;
				INFOPLIST_FILE = FoodlyUITests/Info.plist;
				LD_RUNPATH_SEARCH_PATHS = "$(inherited) @executable_path/Frameworks @loader_path/Frameworks";
				PRODUCT_BUNDLE_IDENTIFIER = com.cazares.FoodlyUITests;
				PRODUCT_NAME = "$(TARGET_NAME)";
				SWIFT_VERSION = 3.0;
				TEST_TARGET_NAME = Foodly;
			};
			name = Debug;
		};
		734E46A81F2AB9520016391A /* Release */ = {
			isa = XCBuildConfiguration;
			buildSettings = {
				ALWAYS_EMBED_SWIFT_STANDARD_LIBRARIES = YES;
				INFOPLIST_FILE = FoodlyUITests/Info.plist;
				LD_RUNPATH_SEARCH_PATHS = "$(inherited) @executable_path/Frameworks @loader_path/Frameworks";
				PRODUCT_BUNDLE_IDENTIFIER = com.cazares.FoodlyUITests;
				PRODUCT_NAME = "$(TARGET_NAME)";
				SWIFT_VERSION = 3.0;
				TEST_TARGET_NAME = Foodly;
			};
			name = Release;
		};
/* End XCBuildConfiguration section */

/* Begin XCConfigurationList section */
		734E46711F2AB9510016391A /* Build configuration list for PBXProject "Foodly" */ = {
			isa = XCConfigurationList;
			buildConfigurations = (
				734E469E1F2AB9520016391A /* Debug */,
				734E469F1F2AB9520016391A /* Release */,
			);
			defaultConfigurationIsVisible = 0;
			defaultConfigurationName = Release;
		};
		734E46A01F2AB9520016391A /* Build configuration list for PBXNativeTarget "Foodly" */ = {
			isa = XCConfigurationList;
			buildConfigurations = (
				734E46A11F2AB9520016391A /* Debug */,
				734E46A21F2AB9520016391A /* Release */,
			);
			defaultConfigurationIsVisible = 0;
			defaultConfigurationName = Release;
		};
		734E46A31F2AB9520016391A /* Build configuration list for PBXNativeTarget "FoodlyTests" */ = {
			isa = XCConfigurationList;
			buildConfigurations = (
				734E46A41F2AB9520016391A /* Debug */,
				734E46A51F2AB9520016391A /* Release */,
			);
			defaultConfigurationIsVisible = 0;
			defaultConfigurationName = Release;
		};
		734E46A61F2AB9520016391A /* Build configuration list for PBXNativeTarget "FoodlyUITests" */ = {
			isa = XCConfigurationList;
			buildConfigurations = (
				734E46A71F2AB9520016391A /* Debug */,
				734E46A81F2AB9520016391A /* Release */,
			);
			defaultConfigurationIsVisible = 0;
			defaultConfigurationName = Release;
		};
/* End XCConfigurationList section */
	};
	rootObject = 734E466E1F2AB9510016391A /* Project object */;
}
